// !$*UTF8*$!
{
	archiveVersion = 1;
	classes = {
	};
	objectVersion = 46;
	objects = {

/* Begin PBXBuildFile section */
		5C5B5E241B4682B100F3A2F2 /* Main.storyboard in Resources */ = {isa = PBXBuildFile; fileRef = 5CC84C1A1B467AFA006F5528 /* Main.storyboard */; };
		5C5B5E251B4682B200F3A2F2 /* Main.storyboard in Resources */ = {isa = PBXBuildFile; fileRef = 5CC84C1A1B467AFA006F5528 /* Main.storyboard */; };
		5C5B5E261B4682B300F3A2F2 /* Main.storyboard in Resources */ = {isa = PBXBuildFile; fileRef = 5CC84C1A1B467AFA006F5528 /* Main.storyboard */; };
		5C5B5E281B46878A00F3A2F2 /* WatchStoryboard.storyboard in Resources */ = {isa = PBXBuildFile; fileRef = 5C5B5E271B46878A00F3A2F2 /* WatchStoryboard.storyboard */; };
		5CC84C171B467AFA006F5528 /* AppDelegate.swift in Sources */ = {isa = PBXBuildFile; fileRef = 5CC84C161B467AFA006F5528 /* AppDelegate.swift */; };
		5CC84C191B467AFA006F5528 /* ViewController.swift in Sources */ = {isa = PBXBuildFile; fileRef = 5CC84C181B467AFA006F5528 /* ViewController.swift */; };
		5CC84C1C1B467AFA006F5528 /* Main.storyboard in Resources */ = {isa = PBXBuildFile; fileRef = 5CC84C1A1B467AFA006F5528 /* Main.storyboard */; };
		5CC84C1E1B467AFA006F5528 /* Images.xcassets in Resources */ = {isa = PBXBuildFile; fileRef = 5CC84C1D1B467AFA006F5528 /* Images.xcassets */; };
		5CC84C211B467AFA006F5528 /* LaunchScreen.xib in Resources */ = {isa = PBXBuildFile; fileRef = 5CC84C1F1B467AFA006F5528 /* LaunchScreen.xib */; };
		5CC84C2D1B467AFA006F5528 /* MyVigilTests.swift in Sources */ = {isa = PBXBuildFile; fileRef = 5CC84C2C1B467AFA006F5528 /* MyVigilTests.swift */; };
		5CC84C401B467B23006F5528 /* InterfaceController.swift in Sources */ = {isa = PBXBuildFile; fileRef = 5CC84C3F1B467B23006F5528 /* InterfaceController.swift */; };
		5CC84C421B467B23006F5528 /* NotificationController.swift in Sources */ = {isa = PBXBuildFile; fileRef = 5CC84C411B467B23006F5528 /* NotificationController.swift */; };
		5CC84C441B467B23006F5528 /* Images.xcassets in Resources */ = {isa = PBXBuildFile; fileRef = 5CC84C431B467B23006F5528 /* Images.xcassets */; };
		5CC84C481B467B23006F5528 /* MyVigil WatchKit App.app in Resources */ = {isa = PBXBuildFile; fileRef = 5CC84C471B467B23006F5528 /* MyVigil WatchKit App.app */; };
		5CC84C501B467B23006F5528 /* Interface.storyboard in Resources */ = {isa = PBXBuildFile; fileRef = 5CC84C4E1B467B23006F5528 /* Interface.storyboard */; };
		5CC84C521B467B23006F5528 /* Images.xcassets in Resources */ = {isa = PBXBuildFile; fileRef = 5CC84C511B467B23006F5528 /* Images.xcassets */; };
		5CC84C551B467B23006F5528 /* MyVigil WatchKit Extension.appex in Embed App Extensions */ = {isa = PBXBuildFile; fileRef = 5CC84C3A1B467B23006F5528 /* MyVigil WatchKit Extension.appex */; settings = {ATTRIBUTES = (RemoveHeadersOnCopy, ); }; };
/* End PBXBuildFile section */

/* Begin PBXContainerItemProxy section */
		5CC84C271B467AFA006F5528 /* PBXContainerItemProxy */ = {
			isa = PBXContainerItemProxy;
			containerPortal = 5CC84C091B467AFA006F5528 /* Project object */;
			proxyType = 1;
			remoteGlobalIDString = 5CC84C101B467AFA006F5528;
			remoteInfo = MyVigil;
		};
		5CC84C491B467B23006F5528 /* PBXContainerItemProxy */ = {
			isa = PBXContainerItemProxy;
			containerPortal = 5CC84C091B467AFA006F5528 /* Project object */;
			proxyType = 1;
			remoteGlobalIDString = 5CC84C461B467B23006F5528;
			remoteInfo = "MyVigil WatchKit App";
		};
		5CC84C531B467B23006F5528 /* PBXContainerItemProxy */ = {
			isa = PBXContainerItemProxy;
			containerPortal = 5CC84C091B467AFA006F5528 /* Project object */;
			proxyType = 1;
			remoteGlobalIDString = 5CC84C391B467B23006F5528;
			remoteInfo = "MyVigil WatchKit Extension";
		};
/* End PBXContainerItemProxy section */

/* Begin PBXCopyFilesBuildPhase section */
		5CC84C5C1B467B23006F5528 /* Embed App Extensions */ = {
			isa = PBXCopyFilesBuildPhase;
			buildActionMask = 2147483647;
			dstPath = "";
			dstSubfolderSpec = 13;
			files = (
				5CC84C551B467B23006F5528 /* MyVigil WatchKit Extension.appex in Embed App Extensions */,
			);
			name = "Embed App Extensions";
			runOnlyForDeploymentPostprocessing = 0;
		};
/* End PBXCopyFilesBuildPhase section */

/* Begin PBXFileReference section */
		5C5B5E271B46878A00F3A2F2 /* WatchStoryboard.storyboard */ = {isa = PBXFileReference; fileEncoding = 4; lastKnownFileType = file.storyboard; path = WatchStoryboard.storyboard; sourceTree = "<group>"; };
		5CC84C111B467AFA006F5528 /* MyVigil.app */ = {isa = PBXFileReference; explicitFileType = wrapper.application; includeInIndex = 0; path = MyVigil.app; sourceTree = BUILT_PRODUCTS_DIR; };
		5CC84C151B467AFA006F5528 /* Info.plist */ = {isa = PBXFileReference; lastKnownFileType = text.plist.xml; path = Info.plist; sourceTree = "<group>"; };
		5CC84C161B467AFA006F5528 /* AppDelegate.swift */ = {isa = PBXFileReference; lastKnownFileType = sourcecode.swift; path = AppDelegate.swift; sourceTree = "<group>"; };
		5CC84C181B467AFA006F5528 /* ViewController.swift */ = {isa = PBXFileReference; lastKnownFileType = sourcecode.swift; path = ViewController.swift; sourceTree = "<group>"; };
		5CC84C1B1B467AFA006F5528 /* Base */ = {isa = PBXFileReference; lastKnownFileType = file.storyboard; name = Base; path = Base.lproj/Main.storyboard; sourceTree = "<group>"; };
		5CC84C1D1B467AFA006F5528 /* Images.xcassets */ = {isa = PBXFileReference; lastKnownFileType = folder.assetcatalog; path = Images.xcassets; sourceTree = "<group>"; };
		5CC84C201B467AFA006F5528 /* Base */ = {isa = PBXFileReference; lastKnownFileType = file.xib; name = Base; path = Base.lproj/LaunchScreen.xib; sourceTree = "<group>"; };
		5CC84C261B467AFA006F5528 /* MyVigilTests.xctest */ = {isa = PBXFileReference; explicitFileType = wrapper.cfbundle; includeInIndex = 0; path = MyVigilTests.xctest; sourceTree = BUILT_PRODUCTS_DIR; };
		5CC84C2B1B467AFA006F5528 /* Info.plist */ = {isa = PBXFileReference; lastKnownFileType = text.plist.xml; path = Info.plist; sourceTree = "<group>"; };
		5CC84C2C1B467AFA006F5528 /* MyVigilTests.swift */ = {isa = PBXFileReference; lastKnownFileType = sourcecode.swift; path = MyVigilTests.swift; sourceTree = "<group>"; };
		5CC84C3A1B467B23006F5528 /* MyVigil WatchKit Extension.appex */ = {isa = PBXFileReference; explicitFileType = "wrapper.app-extension"; includeInIndex = 0; path = "MyVigil WatchKit Extension.appex"; sourceTree = BUILT_PRODUCTS_DIR; };
		5CC84C3D1B467B23006F5528 /* Info.plist */ = {isa = PBXFileReference; lastKnownFileType = text.plist.xml; path = Info.plist; sourceTree = "<group>"; };
		5CC84C3E1B467B23006F5528 /* PushNotificationPayload.apns */ = {isa = PBXFileReference; lastKnownFileType = text; path = PushNotificationPayload.apns; sourceTree = "<group>"; };
		5CC84C3F1B467B23006F5528 /* InterfaceController.swift */ = {isa = PBXFileReference; lastKnownFileType = sourcecode.swift; path = InterfaceController.swift; sourceTree = "<group>"; };
		5CC84C411B467B23006F5528 /* NotificationController.swift */ = {isa = PBXFileReference; lastKnownFileType = sourcecode.swift; path = NotificationController.swift; sourceTree = "<group>"; };
		5CC84C431B467B23006F5528 /* Images.xcassets */ = {isa = PBXFileReference; lastKnownFileType = folder.assetcatalog; path = Images.xcassets; sourceTree = "<group>"; };
		5CC84C471B467B23006F5528 /* MyVigil WatchKit App.app */ = {isa = PBXFileReference; explicitFileType = wrapper.application; includeInIndex = 0; path = "MyVigil WatchKit App.app"; sourceTree = BUILT_PRODUCTS_DIR; };
		5CC84C4D1B467B23006F5528 /* Info.plist */ = {isa = PBXFileReference; lastKnownFileType = text.plist.xml; path = Info.plist; sourceTree = "<group>"; };
		5CC84C4F1B467B23006F5528 /* Base */ = {isa = PBXFileReference; lastKnownFileType = file.storyboard; name = Base; path = Base.lproj/Interface.storyboard; sourceTree = "<group>"; };
		5CC84C511B467B23006F5528 /* Images.xcassets */ = {isa = PBXFileReference; lastKnownFileType = folder.assetcatalog; path = Images.xcassets; sourceTree = "<group>"; };
/* End PBXFileReference section */

/* Begin PBXFrameworksBuildPhase section */
		5CC84C0E1B467AFA006F5528 /* Frameworks */ = {
			isa = PBXFrameworksBuildPhase;
			buildActionMask = 2147483647;
			files = (
			);
			runOnlyForDeploymentPostprocessing = 0;
		};
		5CC84C231B467AFA006F5528 /* Frameworks */ = {
			isa = PBXFrameworksBuildPhase;
			buildActionMask = 2147483647;
			files = (
			);
			runOnlyForDeploymentPostprocessing = 0;
		};
		5CC84C371B467B23006F5528 /* Frameworks */ = {
			isa = PBXFrameworksBuildPhase;
			buildActionMask = 2147483647;
			files = (
			);
			runOnlyForDeploymentPostprocessing = 0;
		};
/* End PBXFrameworksBuildPhase section */

/* Begin PBXGroup section */
		5CC84C081B467AFA006F5528 = {
			isa = PBXGroup;
			children = (
				5CC84C131B467AFA006F5528 /* MyVigil */,
				5CC84C291B467AFA006F5528 /* MyVigilTests */,
				5CC84C3B1B467B23006F5528 /* MyVigil WatchKit Extension */,
				5CC84C4B1B467B23006F5528 /* MyVigil WatchKit App */,
				5CC84C121B467AFA006F5528 /* Products */,
			);
			sourceTree = "<group>";
		};
		5CC84C121B467AFA006F5528 /* Products */ = {
			isa = PBXGroup;
			children = (
				5CC84C111B467AFA006F5528 /* MyVigil.app */,
				5CC84C261B467AFA006F5528 /* MyVigilTests.xctest */,
				5CC84C3A1B467B23006F5528 /* MyVigil WatchKit Extension.appex */,
				5CC84C471B467B23006F5528 /* MyVigil WatchKit App.app */,
			);
			name = Products;
			sourceTree = "<group>";
		};
		5CC84C131B467AFA006F5528 /* MyVigil */ = {
			isa = PBXGroup;
			children = (
				5CC84C161B467AFA006F5528 /* AppDelegate.swift */,
				5CC84C181B467AFA006F5528 /* ViewController.swift */,
				5CC84C1A1B467AFA006F5528 /* Main.storyboard */,
				5CC84C1D1B467AFA006F5528 /* Images.xcassets */,
				5CC84C1F1B467AFA006F5528 /* LaunchScreen.xib */,
				5CC84C141B467AFA006F5528 /* Supporting Files */,
				5C5B5E271B46878A00F3A2F2 /* WatchStoryboard.storyboard */,
			);
			path = MyVigil;
			sourceTree = "<group>";
		};
		5CC84C141B467AFA006F5528 /* Supporting Files */ = {
			isa = PBXGroup;
			children = (
				5CC84C151B467AFA006F5528 /* Info.plist */,
			);
			name = "Supporting Files";
			sourceTree = "<group>";
		};
		5CC84C291B467AFA006F5528 /* MyVigilTests */ = {
			isa = PBXGroup;
			children = (
				5CC84C2C1B467AFA006F5528 /* MyVigilTests.swift */,
				5CC84C2A1B467AFA006F5528 /* Supporting Files */,
			);
			path = MyVigilTests;
			sourceTree = "<group>";
		};
		5CC84C2A1B467AFA006F5528 /* Supporting Files */ = {
			isa = PBXGroup;
			children = (
				5CC84C2B1B467AFA006F5528 /* Info.plist */,
			);
			name = "Supporting Files";
			sourceTree = "<group>";
		};
		5CC84C3B1B467B23006F5528 /* MyVigil WatchKit Extension */ = {
			isa = PBXGroup;
			children = (
				5CC84C3F1B467B23006F5528 /* InterfaceController.swift */,
				5CC84C411B467B23006F5528 /* NotificationController.swift */,
				5CC84C431B467B23006F5528 /* Images.xcassets */,
				5CC84C3C1B467B23006F5528 /* Supporting Files */,
			);
			path = "MyVigil WatchKit Extension";
			sourceTree = "<group>";
		};
		5CC84C3C1B467B23006F5528 /* Supporting Files */ = {
			isa = PBXGroup;
			children = (
				5CC84C3D1B467B23006F5528 /* Info.plist */,
				5CC84C3E1B467B23006F5528 /* PushNotificationPayload.apns */,
			);
			name = "Supporting Files";
			sourceTree = "<group>";
		};
		5CC84C4B1B467B23006F5528 /* MyVigil WatchKit App */ = {
			isa = PBXGroup;
			children = (
				5CC84C4E1B467B23006F5528 /* Interface.storyboard */,
				5CC84C511B467B23006F5528 /* Images.xcassets */,
				5CC84C4C1B467B23006F5528 /* Supporting Files */,
			);
			path = "MyVigil WatchKit App";
			sourceTree = "<group>";
		};
		5CC84C4C1B467B23006F5528 /* Supporting Files */ = {
			isa = PBXGroup;
			children = (
				5CC84C4D1B467B23006F5528 /* Info.plist */,
			);
			name = "Supporting Files";
			sourceTree = "<group>";
		};
/* End PBXGroup section */

/* Begin PBXNativeTarget section */
		5CC84C101B467AFA006F5528 /* MyVigil */ = {
			isa = PBXNativeTarget;
			buildConfigurationList = 5CC84C301B467AFA006F5528 /* Build configuration list for PBXNativeTarget "MyVigil" */;
			buildPhases = (
				5CC84C0D1B467AFA006F5528 /* Sources */,
				5CC84C0E1B467AFA006F5528 /* Frameworks */,
				5CC84C0F1B467AFA006F5528 /* Resources */,
				5CC84C5C1B467B23006F5528 /* Embed App Extensions */,
			);
			buildRules = (
			);
			dependencies = (
				5CC84C541B467B23006F5528 /* PBXTargetDependency */,
			);
			name = MyVigil;
			productName = MyVigil;
			productReference = 5CC84C111B467AFA006F5528 /* MyVigil.app */;
			productType = "com.apple.product-type.application";
		};
		5CC84C251B467AFA006F5528 /* MyVigilTests */ = {
			isa = PBXNativeTarget;
			buildConfigurationList = 5CC84C331B467AFA006F5528 /* Build configuration list for PBXNativeTarget "MyVigilTests" */;
			buildPhases = (
				5CC84C221B467AFA006F5528 /* Sources */,
				5CC84C231B467AFA006F5528 /* Frameworks */,
				5CC84C241B467AFA006F5528 /* Resources */,
			);
			buildRules = (
			);
			dependencies = (
				5CC84C281B467AFA006F5528 /* PBXTargetDependency */,
			);
			name = MyVigilTests;
			productName = MyVigilTests;
			productReference = 5CC84C261B467AFA006F5528 /* MyVigilTests.xctest */;
			productType = "com.apple.product-type.bundle.unit-test";
		};
		5CC84C391B467B23006F5528 /* MyVigil WatchKit Extension */ = {
			isa = PBXNativeTarget;
			buildConfigurationList = 5CC84C591B467B23006F5528 /* Build configuration list for PBXNativeTarget "MyVigil WatchKit Extension" */;
			buildPhases = (
				5CC84C361B467B23006F5528 /* Sources */,
				5CC84C371B467B23006F5528 /* Frameworks */,
				5CC84C381B467B23006F5528 /* Resources */,
			);
			buildRules = (
			);
			dependencies = (
				5CC84C4A1B467B23006F5528 /* PBXTargetDependency */,
			);
			name = "MyVigil WatchKit Extension";
			productName = "MyVigil WatchKit Extension";
			productReference = 5CC84C3A1B467B23006F5528 /* MyVigil WatchKit Extension.appex */;
			productType = "com.apple.product-type.watchkit-extension";
		};
		5CC84C461B467B23006F5528 /* MyVigil WatchKit App */ = {
			isa = PBXNativeTarget;
			buildConfigurationList = 5CC84C561B467B23006F5528 /* Build configuration list for PBXNativeTarget "MyVigil WatchKit App" */;
			buildPhases = (
				5CC84C451B467B23006F5528 /* Resources */,
			);
			buildRules = (
			);
			dependencies = (
			);
			name = "MyVigil WatchKit App";
			productName = "MyVigil WatchKit App";
			productReference = 5CC84C471B467B23006F5528 /* MyVigil WatchKit App.app */;
			productType = "com.apple.product-type.application.watchapp";
		};
/* End PBXNativeTarget section */

/* Begin PBXProject section */
		5CC84C091B467AFA006F5528 /* Project object */ = {
			isa = PBXProject;
			attributes = {
				LastUpgradeCheck = 0640;
				ORGANIZATIONNAME = "Nivethitha Kumar";
				TargetAttributes = {
					5CC84C101B467AFA006F5528 = {
						CreatedOnToolsVersion = 6.4;
					};
					5CC84C251B467AFA006F5528 = {
						CreatedOnToolsVersion = 6.4;
						TestTargetID = 5CC84C101B467AFA006F5528;
					};
					5CC84C391B467B23006F5528 = {
						CreatedOnToolsVersion = 6.4;
					};
					5CC84C461B467B23006F5528 = {
						CreatedOnToolsVersion = 6.4;
					};
				};
			};
			buildConfigurationList = 5CC84C0C1B467AFA006F5528 /* Build configuration list for PBXProject "MyVigil" */;
			compatibilityVersion = "Xcode 3.2";
			developmentRegion = English;
			hasScannedForEncodings = 0;
			knownRegions = (
				en,
				Base,
			);
			mainGroup = 5CC84C081B467AFA006F5528;
			productRefGroup = 5CC84C121B467AFA006F5528 /* Products */;
			projectDirPath = "";
			projectRoot = "";
			targets = (
				5CC84C101B467AFA006F5528 /* MyVigil */,
				5CC84C251B467AFA006F5528 /* MyVigilTests */,
				5CC84C391B467B23006F5528 /* MyVigil WatchKit Extension */,
				5CC84C461B467B23006F5528 /* MyVigil WatchKit App */,
			);
		};
/* End PBXProject section */

/* Begin PBXResourcesBuildPhase section */
		5CC84C0F1B467AFA006F5528 /* Resources */ = {
			isa = PBXResourcesBuildPhase;
			buildActionMask = 2147483647;
			files = (
				5CC84C1C1B467AFA006F5528 /* Main.storyboard in Resources */,
				5C5B5E281B46878A00F3A2F2 /* WatchStoryboard.storyboard in Resources */,
				5CC84C211B467AFA006F5528 /* LaunchScreen.xib in Resources */,
				5CC84C1E1B467AFA006F5528 /* Images.xcassets in Resources */,
			);
			runOnlyForDeploymentPostprocessing = 0;
		};
		5CC84C241B467AFA006F5528 /* Resources */ = {
			isa = PBXResourcesBuildPhase;
			buildActionMask = 2147483647;
			files = (
				5C5B5E241B4682B100F3A2F2 /* Main.storyboard in Resources */,
			);
			runOnlyForDeploymentPostprocessing = 0;
		};
		5CC84C381B467B23006F5528 /* Resources */ = {
			isa = PBXResourcesBuildPhase;
			buildActionMask = 2147483647;
			files = (
				5C5B5E251B4682B200F3A2F2 /* Main.storyboard in Resources */,
				5CC84C481B467B23006F5528 /* MyVigil WatchKit App.app in Resources */,
				5CC84C441B467B23006F5528 /* Images.xcassets in Resources */,
			);
			runOnlyForDeploymentPostprocessing = 0;
		};
		5CC84C451B467B23006F5528 /* Resources */ = {
			isa = PBXResourcesBuildPhase;
			buildActionMask = 2147483647;
			files = (
				5C5B5E261B4682B300F3A2F2 /* Main.storyboard in Resources */,
				5CC84C501B467B23006F5528 /* Interface.storyboard in Resources */,
				5CC84C521B467B23006F5528 /* Images.xcassets in Resources */,
			);
			runOnlyForDeploymentPostprocessing = 0;
		};
/* End PBXResourcesBuildPhase section */

/* Begin PBXSourcesBuildPhase section */
		5CC84C0D1B467AFA006F5528 /* Sources */ = {
			isa = PBXSourcesBuildPhase;
			buildActionMask = 2147483647;
			files = (
				5CC84C191B467AFA006F5528 /* ViewController.swift in Sources */,
				5CC84C171B467AFA006F5528 /* AppDelegate.swift in Sources */,
			);
			runOnlyForDeploymentPostprocessing = 0;
		};
		5CC84C221B467AFA006F5528 /* Sources */ = {
			isa = PBXSourcesBuildPhase;
			buildActionMask = 2147483647;
			files = (
				5CC84C2D1B467AFA006F5528 /* MyVigilTests.swift in Sources */,
			);
			runOnlyForDeploymentPostprocessing = 0;
		};
		5CC84C361B467B23006F5528 /* Sources */ = {
			isa = PBXSourcesBuildPhase;
			buildActionMask = 2147483647;
			files = (
				5CC84C421B467B23006F5528 /* NotificationController.swift in Sources */,
				5CC84C401B467B23006F5528 /* InterfaceController.swift in Sources */,
			);
			runOnlyForDeploymentPostprocessing = 0;
		};
/* End PBXSourcesBuildPhase section */

/* Begin PBXTargetDependency section */
		5CC84C281B467AFA006F5528 /* PBXTargetDependency */ = {
			isa = PBXTargetDependency;
			target = 5CC84C101B467AFA006F5528 /* MyVigil */;
			targetProxy = 5CC84C271B467AFA006F5528 /* PBXContainerItemProxy */;
		};
		5CC84C4A1B467B23006F5528 /* PBXTargetDependency */ = {
			isa = PBXTargetDependency;
			target = 5CC84C461B467B23006F5528 /* MyVigil WatchKit App */;
			targetProxy = 5CC84C491B467B23006F5528 /* PBXContainerItemProxy */;
		};
		5CC84C541B467B23006F5528 /* PBXTargetDependency */ = {
			isa = PBXTargetDependency;
			target = 5CC84C391B467B23006F5528 /* MyVigil WatchKit Extension */;
			targetProxy = 5CC84C531B467B23006F5528 /* PBXContainerItemProxy */;
		};
/* End PBXTargetDependency section */

/* Begin PBXVariantGroup section */
		5CC84C1A1B467AFA006F5528 /* Main.storyboard */ = {
			isa = PBXVariantGroup;
			children = (
				5CC84C1B1B467AFA006F5528 /* Base */,
			);
			name = Main.storyboard;
			sourceTree = "<group>";
		};
		5CC84C1F1B467AFA006F5528 /* LaunchScreen.xib */ = {
			isa = PBXVariantGroup;
			children = (
				5CC84C201B467AFA006F5528 /* Base */,
			);
			name = LaunchScreen.xib;
			sourceTree = "<group>";
		};
		5CC84C4E1B467B23006F5528 /* Interface.storyboard */ = {
			isa = PBXVariantGroup;
			children = (
				5CC84C4F1B467B23006F5528 /* Base */,
			);
			name = Interface.storyboard;
			sourceTree = "<group>";
		};
/* End PBXVariantGroup section */

/* Begin XCBuildConfiguration section */
		5CC84C2E1B467AFA006F5528 /* Debug */ = {
			isa = XCBuildConfiguration;
			buildSettings = {
				ALWAYS_SEARCH_USER_PATHS = NO;
				CLANG_CXX_LANGUAGE_STANDARD = "gnu++0x";
				CLANG_CXX_LIBRARY = "libc++";
				CLANG_ENABLE_MODULES = YES;
				CLANG_ENABLE_OBJC_ARC = YES;
				CLANG_WARN_BOOL_CONVERSION = YES;
				CLANG_WARN_CONSTANT_CONVERSION = YES;
				CLANG_WARN_DIRECT_OBJC_ISA_USAGE = YES_ERROR;
				CLANG_WARN_EMPTY_BODY = YES;
				CLANG_WARN_ENUM_CONVERSION = YES;
				CLANG_WARN_INT_CONVERSION = YES;
				CLANG_WARN_OBJC_ROOT_CLASS = YES_ERROR;
				CLANG_WARN_UNREACHABLE_CODE = YES;
				CLANG_WARN__DUPLICATE_METHOD_MATCH = YES;
				"CODE_SIGN_IDENTITY[sdk=iphoneos*]" = "iPhone Developer";
				COPY_PHASE_STRIP = NO;
				DEBUG_INFORMATION_FORMAT = "dwarf-with-dsym";
				ENABLE_STRICT_OBJC_MSGSEND = YES;
				GCC_C_LANGUAGE_STANDARD = gnu99;
				GCC_DYNAMIC_NO_PIC = NO;
				GCC_NO_COMMON_BLOCKS = YES;
				GCC_OPTIMIZATION_LEVEL = 0;
				GCC_PREPROCESSOR_DEFINITIONS = (
					"DEBUG=1",
					"$(inherited)",
				);
				GCC_SYMBOLS_PRIVATE_EXTERN = NO;
				GCC_WARN_64_TO_32_BIT_CONVERSION = YES;
				GCC_WARN_ABOUT_RETURN_TYPE = YES_ERROR;
				GCC_WARN_UNDECLARED_SELECTOR = YES;
				GCC_WARN_UNINITIALIZED_AUTOS = YES_AGGRESSIVE;
				GCC_WARN_UNUSED_FUNCTION = YES;
				GCC_WARN_UNUSED_VARIABLE = YES;
				IPHONEOS_DEPLOYMENT_TARGET = 8.4;
				MTL_ENABLE_DEBUG_INFO = YES;
				ONLY_ACTIVE_ARCH = YES;
				SDKROOT = iphoneos;
				SWIFT_OPTIMIZATION_LEVEL = "-Onone";
			};
			name = Debug;
		};
		5CC84C2F1B467AFA006F5528 /* Release */ = {
			isa = XCBuildConfiguration;
			buildSettings = {
				ALWAYS_SEARCH_USER_PATHS = NO;
				CLANG_CXX_LANGUAGE_STANDARD = "gnu++0x";
				CLANG_CXX_LIBRARY = "libc++";
				CLANG_ENABLE_MODULES = YES;
				CLANG_ENABLE_OBJC_ARC = YES;
				CLANG_WARN_BOOL_CONVERSION = YES;
				CLANG_WARN_CONSTANT_CONVERSION = YES;
				CLANG_WARN_DIRECT_OBJC_ISA_USAGE = YES_ERROR;
				CLANG_WARN_EMPTY_BODY = YES;
				CLANG_WARN_ENUM_CONVERSION = YES;
				CLANG_WARN_INT_CONVERSION = YES;
				CLANG_WARN_OBJC_ROOT_CLASS = YES_ERROR;
				CLANG_WARN_UNREACHABLE_CODE = YES;
				CLANG_WARN__DUPLICATE_METHOD_MATCH = YES;
				"CODE_SIGN_IDENTITY[sdk=iphoneos*]" = "iPhone Developer";
				COPY_PHASE_STRIP = NO;
				DEBUG_INFORMATION_FORMAT = "dwarf-with-dsym";
				ENABLE_NS_ASSERTIONS = NO;
				ENABLE_STRICT_OBJC_MSGSEND = YES;
				GCC_C_LANGUAGE_STANDARD = gnu99;
				GCC_NO_COMMON_BLOCKS = YES;
				GCC_WARN_64_TO_32_BIT_CONVERSION = YES;
				GCC_WARN_ABOUT_RETURN_TYPE = YES_ERROR;
				GCC_WARN_UNDECLARED_SELECTOR = YES;
				GCC_WARN_UNINITIALIZED_AUTOS = YES_AGGRESSIVE;
				GCC_WARN_UNUSED_FUNCTION = YES;
				GCC_WARN_UNUSED_VARIABLE = YES;
				IPHONEOS_DEPLOYMENT_TARGET = 8.4;
				MTL_ENABLE_DEBUG_INFO = NO;
				SDKROOT = iphoneos;
				VALIDATE_PRODUCT = YES;
			};
			name = Release;
		};
		5CC84C311B467AFA006F5528 /* Debug */ = {
			isa = XCBuildConfiguration;
			buildSettings = {
				ASSETCATALOG_COMPILER_APPICON_NAME = AppIcon;
				INFOPLIST_FILE = MyVigil/Info.plist;
				LD_RUNPATH_SEARCH_PATHS = "$(inherited) @executable_path/Frameworks";
				PRODUCT_NAME = "$(TARGET_NAME)";
				TARGETED_DEVICE_FAMILY = 1;
			};
			name = Debug;
		};
		5CC84C321B467AFA006F5528 /* Release */ = {
			isa = XCBuildConfiguration;
			buildSettings = {
				ASSETCATALOG_COMPILER_APPICON_NAME = AppIcon;
				INFOPLIST_FILE = MyVigil/Info.plist;
				LD_RUNPATH_SEARCH_PATHS = "$(inherited) @executable_path/Frameworks";
				PRODUCT_NAME = "$(TARGET_NAME)";
				TARGETED_DEVICE_FAMILY = 1;
			};
			name = Release;
		};
		5CC84C341B467AFA006F5528 /* Debug */ = {
			isa = XCBuildConfiguration;
			buildSettings = {
				BUNDLE_LOADER = "$(TEST_HOST)";
				FRAMEWORK_SEARCH_PATHS = (
					"$(SDKROOT)/Developer/Library/Frameworks",
					"$(inherited)",
				);
				GCC_PREPROCESSOR_DEFINITIONS = (
					"DEBUG=1",
					"$(inherited)",
				);
				INFOPLIST_FILE = MyVigilTests/Info.plist;
				LD_RUNPATH_SEARCH_PATHS = "$(inherited) @executable_path/Frameworks @loader_path/Frameworks";
				PRODUCT_NAME = "$(TARGET_NAME)";
				TEST_HOST = "$(BUILT_PRODUCTS_DIR)/MyVigil.app/MyVigil";
			};
			name = Debug;
		};
		5CC84C351B467AFA006F5528 /* Release */ = {
			isa = XCBuildConfiguration;
			buildSettings = {
				BUNDLE_LOADER = "$(TEST_HOST)";
				FRAMEWORK_SEARCH_PATHS = (
					"$(SDKROOT)/Developer/Library/Frameworks",
					"$(inherited)",
				);
				INFOPLIST_FILE = MyVigilTests/Info.plist;
				LD_RUNPATH_SEARCH_PATHS = "$(inherited) @executable_path/Frameworks @loader_path/Frameworks";
				PRODUCT_NAME = "$(TARGET_NAME)";
				TEST_HOST = "$(BUILT_PRODUCTS_DIR)/MyVigil.app/MyVigil";
			};
			name = Release;
		};
		5CC84C571B467B23006F5528 /* Debug */ = {
			isa = XCBuildConfiguration;
			buildSettings = {
				ASSETCATALOG_COMPILER_APPICON_NAME = AppIcon;
				GCC_PREPROCESSOR_DEFINITIONS = (
					"DEBUG=1",
					"$(inherited)",
				);
				IBSC_MODULE = MyVigil_WatchKit_Extension;
				INFOPLIST_FILE = "MyVigil WatchKit App/Info.plist";
				IPHONEOS_DEPLOYMENT_TARGET = 8.2;
				PRODUCT_NAME = "$(TARGET_NAME)";
				SKIP_INSTALL = YES;
				TARGETED_DEVICE_FAMILY = 4;
				"TARGETED_DEVICE_FAMILY[sdk=iphonesimulator*]" = "1,4";
			};
			name = Debug;
		};
		5CC84C581B467B23006F5528 /* Release */ = {
			isa = XCBuildConfiguration;
			buildSettings = {
				ASSETCATALOG_COMPILER_APPICON_NAME = AppIcon;
				IBSC_MODULE = MyVigil_WatchKit_Extension;
				INFOPLIST_FILE = "MyVigil WatchKit App/Info.plist";
				IPHONEOS_DEPLOYMENT_TARGET = 8.2;
				PRODUCT_NAME = "$(TARGET_NAME)";
				SKIP_INSTALL = YES;
				TARGETED_DEVICE_FAMILY = 4;
				"TARGETED_DEVICE_FAMILY[sdk=iphonesimulator*]" = "1,4";
			};
			name = Release;
		};
		5CC84C5A1B467B23006F5528 /* Debug */ = {
			isa = XCBuildConfiguration;
			buildSettings = {
				GCC_PREPROCESSOR_DEFINITIONS = (
					"DEBUG=1",
					"$(inherited)",
				);
				INFOPLIST_FILE = "MyVigil WatchKit Extension/Info.plist";
				LD_RUNPATH_SEARCH_PATHS = "$(inherited) @executable_path/Frameworks @executable_path/../../Frameworks";
				PRODUCT_NAME = "${TARGET_NAME}";
				SKIP_INSTALL = YES;
			};
			name = Debug;
		};
		5CC84C5B1B467B23006F5528 /* Release */ = {
			isa = XCBuildConfiguration;
			buildSettings = {
				INFOPLIST_FILE = "MyVigil WatchKit Extension/Info.plist";
				LD_RUNPATH_SEARCH_PATHS = "$(inherited) @executable_path/Frameworks @executable_path/../../Frameworks";
				PRODUCT_NAME = "${TARGET_NAME}";
				SKIP_INSTALL = YES;
			};
			name = Release;
		};
/* End XCBuildConfiguration section */

/* Begin XCConfigurationList section */
		5CC84C0C1B467AFA006F5528 /* Build configuration list for PBXProject "MyVigil" */ = {
			isa = XCConfigurationList;
			buildConfigurations = (
				5CC84C2E1B467AFA006F5528 /* Debug */,
				5CC84C2F1B467AFA006F5528 /* Release */,
			);
			defaultConfigurationIsVisible = 0;
			defaultConfigurationName = Release;
		};
		5CC84C301B467AFA006F5528 /* Build configuration list for PBXNativeTarget "MyVigil" */ = {
			isa = XCConfigurationList;
			buildConfigurations = (
				5CC84C311B467AFA006F5528 /* Debug */,
				5CC84C321B467AFA006F5528 /* Release */,
			);
			defaultConfigurationIsVisible = 0;
			defaultConfigurationName = Release;
		};
		5CC84C331B467AFA006F5528 /* Build configuration list for PBXNativeTarget "MyVigilTests" */ = {
			isa = XCConfigurationList;
			buildConfigurations = (
				5CC84C341B467AFA006F5528 /* Debug */,
				5CC84C351B467AFA006F5528 /* Release */,
			);
			defaultConfigurationIsVisible = 0;
			defaultConfigurationName = Release;
		};
		5CC84C561B467B23006F5528 /* Build configuration list for PBXNativeTarget "MyVigil WatchKit App" */ = {
			isa = XCConfigurationList;
			buildConfigurations = (
				5CC84C571B467B23006F5528 /* Debug */,
				5CC84C581B467B23006F5528 /* Release */,
			);
			defaultConfigurationIsVisible = 0;
			defaultConfigurationName = Release;
		};
		5CC84C591B467B23006F5528 /* Build configuration list for PBXNativeTarget "MyVigil WatchKit Extension" */ = {
			isa = XCConfigurationList;
			buildConfigurations = (
				5CC84C5A1B467B23006F5528 /* Debug */,
				5CC84C5B1B467B23006F5528 /* Release */,
			);
			defaultConfigurationIsVisible = 0;
			defaultConfigurationName = Release;
		};
/* End XCConfigurationList section */
	};
	rootObject = 5CC84C091B467AFA006F5528 /* Project object */;
}
